
Microsoft Visual Studio Solution File, Format Version 12.00
# Visual Studio Version 17
VisualStudioVersion = 17.11.35312.102
MinimumVisualStudioVersion = 10.0.40219.1
Project("{FAE04EC0-301F-11D3-BF4B-00C04F79EFBC}") = "Madlib", "Madlib.csproj", "{42CFE5A3-B200-47C5-B31C-D659B00D90B9}"
EndProject
Global
	GlobalSection(SolutionConfigurationPlatforms) = preSolution
		Debug|Any CPU = Debug|Any CPU
		Release|Any CPU = Release|Any CPU
	EndGlobalSection
	GlobalSection(ProjectConfigurationPlatforms) = postSolution
		{42CFE5A3-B200-47C5-B31C-D659B00D90B9}.Debug|Any CPU.ActiveCfg = Debug|Any CPU
		{42CFE5A3-B200-47C5-B31C-D659B00D90B9}.Debug|Any CPU.Build.0 = Debug|Any CPU
		{42CFE5A3-B200-47C5-B31C-D659B00D90B9}.Release|Any CPU.ActiveCfg = Release|Any CPU
		{42CFE5A3-B200-47C5-B31C-D659B00D90B9}.Release|Any CPU.Build.0 = Release|Any CPU
	EndGlobalSection
	GlobalSection(SolutionProperties) = preSolution
		HideSolutionNode = FALSE
	EndGlobalSection
	GlobalSection(ExtensibilityGlobals) = postSolution
		SolutionGuid = {F3C4518C-9758-43F8-B748-FF21F59C33E1}
	EndGlobalSection
EndGlobal
